# THIS IS AN AUTOGENERATED FILE. DO NOT EDIT THIS FILE DIRECTLY.
# yarn lockfile v1


elliptic-curve-solidity@^0.2.4:
  version "0.2.4"
  resolved "https://registry.yarnpkg.com/elliptic-curve-solidity/-/elliptic-curve-solidity-0.2.4.tgz#b32629105adc9ebe985d8d4df8c9e05f1771cdfd"
  integrity sha512-qTrnI/HHYIOOmZuc2rj5fKxd+tTp95FGbdu2CF1N2P1f14rQzHSXELtwmRxg3C1hwz+Qh+c91RRGCb/9vDVVHQ==

jsrsasign@^10.5.27:
  version "10.5.27"
  resolved "https://registry.yarnpkg.com/jsrsasign/-/jsrsasign-10.5.27.tgz#481defb1206aa48cd740c3fce8ff546efb5bb45e"
  integrity sha512-1F4LmDeJZHYwoVvB44jEo2uZL3XuwYNzXCDOu53Ui6vqofGQ/gCYDmaxfVZtN0TGd92UKXr/BONcfrPonUIcQQ==
